
Microsoft Visual Studio Solution File, Format Version 12.00
# Visual Studio Version 17
VisualStudioVersion = 17.14.36705.20 d17.14
MinimumVisualStudioVersion = 10.0.40219.1
Project("{FAE04EC0-301F-11D3-BF4B-00C04F79EFBC}") = "MauiAppMinhasCompras", "MauiAppMinhasCompras\MauiAppMinhasCompras.csproj", "{2BEA6C27-F1FB-4005-B87B-FF051B02E7A8}"
EndProject
Global
	GlobalSection(SolutionConfigurationPlatforms) = preSolution
		Debug|Any CPU = Debug|Any CPU
		Release|Any CPU = Release|Any CPU
	EndGlobalSection
	GlobalSection(ProjectConfigurationPlatforms) = postSolution
		{2BEA6C27-F1FB-4005-B87B-FF051B02E7A8}.Debug|Any CPU.ActiveCfg = Debug|Any CPU
		{2BEA6C27-F1FB-4005-B87B-FF051B02E7A8}.Debug|Any CPU.Build.0 = Debug|Any CPU
		{2BEA6C27-F1FB-4005-B87B-FF051B02E7A8}.Debug|Any CPU.Deploy.0 = Debug|Any CPU
		{2BEA6C27-F1FB-4005-B87B-FF051B02E7A8}.Release|Any CPU.ActiveCfg = Release|Any CPU
		{2BEA6C27-F1FB-4005-B87B-FF051B02E7A8}.Release|Any CPU.Build.0 = Release|Any CPU
		{2BEA6C27-F1FB-4005-B87B-FF051B02E7A8}.Release|Any CPU.Deploy.0 = Release|Any CPU
	EndGlobalSection
	GlobalSection(SolutionProperties) = preSolution
		HideSolutionNode = FALSE
	EndGlobalSection
	GlobalSection(ExtensibilityGlobals) = postSolution
		SolutionGuid = {5E6F9550-0DF5-4BD3-989F-F1082CCBC917}
	EndGlobalSection
EndGlobal
